
Microsoft Visual Studio Solution File, Format Version 12.00
Project("{FAE04EC0-301F-11D3-BF4B-00C04F79EFBC}") = "BarePlugin", "BSIPA\Plugins\Bare\BarePlugin.csproj", "{36740C54-EAED-4D4C-80F1-3CB1AF122D7B}"
EndProject
Project("{FAE04EC0-301F-11D3-BF4B-00C04F79EFBC}") = "MenuPlugin", "BSIPA\Plugins\UI\MenuPlugin.csproj", "{B56A6266-BB1D-48A4-8D39-3BF77A9BBBBF}"
EndProject
Project("{FAE04EC0-301F-11D3-BF4B-00C04F79EFBC}") = "ZenjectMenuPlugin", "BSIPA\Plugins\Zenject-UI\ZenjectMenuPlugin.csproj", "{8D569A07-1F0E-448C-ACB2-B69C60075306}"
EndProject
Project("{2150E333-8FDC-42A3-9474-1A3956D46DE8}") = "PluginProjects", "PluginProjects", "{1EB64CB0-B863-4011-A7C9-5838F868FAA5}"
EndProject
Global
	GlobalSection(SolutionConfigurationPlatforms) = preSolution
		Debug|Any CPU = Debug|Any CPU
		Release|Any CPU = Release|Any CPU
	EndGlobalSection
	GlobalSection(ProjectConfigurationPlatforms) = postSolution
		{36740C54-EAED-4D4C-80F1-3CB1AF122D7B}.Debug|Any CPU.ActiveCfg = Debug|Any CPU
		{36740C54-EAED-4D4C-80F1-3CB1AF122D7B}.Debug|Any CPU.Build.0 = Debug|Any CPU
		{36740C54-EAED-4D4C-80F1-3CB1AF122D7B}.Release|Any CPU.ActiveCfg = Release|Any CPU
		{36740C54-EAED-4D4C-80F1-3CB1AF122D7B}.Release|Any CPU.Build.0 = Release|Any CPU
		{B56A6266-BB1D-48A4-8D39-3BF77A9BBBBF}.Debug|Any CPU.ActiveCfg = Debug|Any CPU
		{B56A6266-BB1D-48A4-8D39-3BF77A9BBBBF}.Debug|Any CPU.Build.0 = Debug|Any CPU
		{B56A6266-BB1D-48A4-8D39-3BF77A9BBBBF}.Release|Any CPU.ActiveCfg = Release|Any CPU
		{B56A6266-BB1D-48A4-8D39-3BF77A9BBBBF}.Release|Any CPU.Build.0 = Release|Any CPU
		{8D569A07-1F0E-448C-ACB2-B69C60075306}.Debug|Any CPU.ActiveCfg = Debug|Any CPU
		{8D569A07-1F0E-448C-ACB2-B69C60075306}.Debug|Any CPU.Build.0 = Debug|Any CPU
		{8D569A07-1F0E-448C-ACB2-B69C60075306}.Release|Any CPU.ActiveCfg = Release|Any CPU
		{8D569A07-1F0E-448C-ACB2-B69C60075306}.Release|Any CPU.Build.0 = Release|Any CPU
	EndGlobalSection
	GlobalSection(NestedProjects) = preSolution
		{36740C54-EAED-4D4C-80F1-3CB1AF122D7B} = {1EB64CB0-B863-4011-A7C9-5838F868FAA5}
		{B56A6266-BB1D-48A4-8D39-3BF77A9BBBBF} = {1EB64CB0-B863-4011-A7C9-5838F868FAA5}
		{8D569A07-1F0E-448C-ACB2-B69C60075306} = {1EB64CB0-B863-4011-A7C9-5838F868FAA5}
	EndGlobalSection
EndGlobal
