
Microsoft Visual Studio Solution File, Format Version 12.00
Project("{2150E333-8FDC-42A3-9474-1A3956D46DE8}") = "BSIPA", "BSIPA", "{7B1235EB-727E-452E-9E07-9CDA519A62C2}"
EndProject
Project("{2150E333-8FDC-42A3-9474-1A3956D46DE8}") = "Commented", "Commented", "{947D5AAA-BD3D-4A0D-8362-0B1376E6A546}"
EndProject
Project("{FAE04EC0-301F-11D3-BF4B-00C04F79EFBC}") = "UnnamedPlugin", "BSIPA\Commented\Bare\UnnamedPlugin.csproj", "{5E1A2DCE-6D76-4818-A0E6-1DD33BA728A2}"
EndProject
Project("{FAE04EC0-301F-11D3-BF4B-00C04F79EFBC}") = "UnnamedPlugin", "BSIPA\Commented\Core\UnnamedPlugin.csproj", "{785A17CE-DE9F-48AC-BDE9-1DE167581BF2}"
EndProject
Project("{FAE04EC0-301F-11D3-BF4B-00C04F79EFBC}") = "UnnamedPlugin", "BSIPA\Commented\UI\UnnamedPlugin.csproj", "{194CDD18-FC37-4925-A99B-ECC3565722A7}"
EndProject
Project("{FAE04EC0-301F-11D3-BF4B-00C04F79EFBC}") = "UnnamedPlugin", "BSIPA\Commented\Zenject\UnnamedPlugin.csproj", "{09CCCBD6-7CF5-4C77-B0EF-DA7A0667211F}"
EndProject
Project("{FAE04EC0-301F-11D3-BF4B-00C04F79EFBC}") = "UnnamedPlugin", "BSIPA\Commented\Zenject-UI\UnnamedPlugin.csproj", "{4D8E3F99-4C27-476A-BF77-898200EA5AA0}"
EndProject
Project("{2150E333-8FDC-42A3-9474-1A3956D46DE8}") = "Uncommented", "Uncommented", "{BB2D6D97-E959-4FA5-84AE-7D81AC614634}"
EndProject
Project("{FAE04EC0-301F-11D3-BF4B-00C04F79EFBC}") = "UnnamedPlugin", "BSIPA\Uncommented\Bare\UnnamedPlugin.csproj", "{56123BC2-13F3-41F8-92E3-4B3ECD7D582D}"
EndProject
Project("{FAE04EC0-301F-11D3-BF4B-00C04F79EFBC}") = "UnnamedPlugin", "BSIPA\Uncommented\Core\UnnamedPlugin.csproj", "{1FF1B970-C7B3-401C-9D49-9EF67E49BE09}"
EndProject
Project("{FAE04EC0-301F-11D3-BF4B-00C04F79EFBC}") = "UnnamedPlugin", "BSIPA\Uncommented\UI\UnnamedPlugin.csproj", "{0E081EEE-D4E4-41F5-9172-B56730734EE5}"
EndProject
Project("{FAE04EC0-301F-11D3-BF4B-00C04F79EFBC}") = "UnnamedPlugin", "BSIPA\Uncommented\Zenject\UnnamedPlugin.csproj", "{88E8A656-F8BB-444B-A038-9649DDCB1F94}"
EndProject
Project("{FAE04EC0-301F-11D3-BF4B-00C04F79EFBC}") = "UnnamedPlugin", "BSIPA\Uncommented\Zenject-UI\UnnamedPlugin.csproj", "{C0F7FEA5-FD51-42FE-8396-78BD0289D0D4}"
EndProject
Global
	GlobalSection(SolutionConfigurationPlatforms) = preSolution
		Debug|Any CPU = Debug|Any CPU
		Release|Any CPU = Release|Any CPU
	EndGlobalSection
	GlobalSection(ProjectConfigurationPlatforms) = postSolution
		{5E1A2DCE-6D76-4818-A0E6-1DD33BA728A2}.Debug|Any CPU.ActiveCfg = Debug|Any CPU
		{5E1A2DCE-6D76-4818-A0E6-1DD33BA728A2}.Debug|Any CPU.Build.0 = Debug|Any CPU
		{5E1A2DCE-6D76-4818-A0E6-1DD33BA728A2}.Release|Any CPU.ActiveCfg = Release|Any CPU
		{5E1A2DCE-6D76-4818-A0E6-1DD33BA728A2}.Release|Any CPU.Build.0 = Release|Any CPU
		{785A17CE-DE9F-48AC-BDE9-1DE167581BF2}.Debug|Any CPU.ActiveCfg = Debug|Any CPU
		{785A17CE-DE9F-48AC-BDE9-1DE167581BF2}.Debug|Any CPU.Build.0 = Debug|Any CPU
		{785A17CE-DE9F-48AC-BDE9-1DE167581BF2}.Release|Any CPU.ActiveCfg = Release|Any CPU
		{785A17CE-DE9F-48AC-BDE9-1DE167581BF2}.Release|Any CPU.Build.0 = Release|Any CPU
		{194CDD18-FC37-4925-A99B-ECC3565722A7}.Debug|Any CPU.ActiveCfg = Debug|Any CPU
		{194CDD18-FC37-4925-A99B-ECC3565722A7}.Debug|Any CPU.Build.0 = Debug|Any CPU
		{194CDD18-FC37-4925-A99B-ECC3565722A7}.Release|Any CPU.ActiveCfg = Release|Any CPU
		{194CDD18-FC37-4925-A99B-ECC3565722A7}.Release|Any CPU.Build.0 = Release|Any CPU
		{09CCCBD6-7CF5-4C77-B0EF-DA7A0667211F}.Debug|Any CPU.ActiveCfg = Debug|Any CPU
		{09CCCBD6-7CF5-4C77-B0EF-DA7A0667211F}.Debug|Any CPU.Build.0 = Debug|Any CPU
		{09CCCBD6-7CF5-4C77-B0EF-DA7A0667211F}.Release|Any CPU.ActiveCfg = Release|Any CPU
		{09CCCBD6-7CF5-4C77-B0EF-DA7A0667211F}.Release|Any CPU.Build.0 = Release|Any CPU
		{4D8E3F99-4C27-476A-BF77-898200EA5AA0}.Debug|Any CPU.ActiveCfg = Debug|Any CPU
		{4D8E3F99-4C27-476A-BF77-898200EA5AA0}.Debug|Any CPU.Build.0 = Debug|Any CPU
		{4D8E3F99-4C27-476A-BF77-898200EA5AA0}.Release|Any CPU.ActiveCfg = Release|Any CPU
		{4D8E3F99-4C27-476A-BF77-898200EA5AA0}.Release|Any CPU.Build.0 = Release|Any CPU
		{56123BC2-13F3-41F8-92E3-4B3ECD7D582D}.Debug|Any CPU.ActiveCfg = Debug|Any CPU
		{56123BC2-13F3-41F8-92E3-4B3ECD7D582D}.Debug|Any CPU.Build.0 = Debug|Any CPU
		{56123BC2-13F3-41F8-92E3-4B3ECD7D582D}.Release|Any CPU.ActiveCfg = Release|Any CPU
		{56123BC2-13F3-41F8-92E3-4B3ECD7D582D}.Release|Any CPU.Build.0 = Release|Any CPU
		{1FF1B970-C7B3-401C-9D49-9EF67E49BE09}.Debug|Any CPU.ActiveCfg = Debug|Any CPU
		{1FF1B970-C7B3-401C-9D49-9EF67E49BE09}.Debug|Any CPU.Build.0 = Debug|Any CPU
		{1FF1B970-C7B3-401C-9D49-9EF67E49BE09}.Release|Any CPU.ActiveCfg = Release|Any CPU
		{1FF1B970-C7B3-401C-9D49-9EF67E49BE09}.Release|Any CPU.Build.0 = Release|Any CPU
		{0E081EEE-D4E4-41F5-9172-B56730734EE5}.Debug|Any CPU.ActiveCfg = Debug|Any CPU
		{0E081EEE-D4E4-41F5-9172-B56730734EE5}.Debug|Any CPU.Build.0 = Debug|Any CPU
		{0E081EEE-D4E4-41F5-9172-B56730734EE5}.Release|Any CPU.ActiveCfg = Release|Any CPU
		{0E081EEE-D4E4-41F5-9172-B56730734EE5}.Release|Any CPU.Build.0 = Release|Any CPU
		{88E8A656-F8BB-444B-A038-9649DDCB1F94}.Debug|Any CPU.ActiveCfg = Debug|Any CPU
		{88E8A656-F8BB-444B-A038-9649DDCB1F94}.Debug|Any CPU.Build.0 = Debug|Any CPU
		{88E8A656-F8BB-444B-A038-9649DDCB1F94}.Release|Any CPU.ActiveCfg = Release|Any CPU
		{88E8A656-F8BB-444B-A038-9649DDCB1F94}.Release|Any CPU.Build.0 = Release|Any CPU
		{C0F7FEA5-FD51-42FE-8396-78BD0289D0D4}.Debug|Any CPU.ActiveCfg = Debug|Any CPU
		{C0F7FEA5-FD51-42FE-8396-78BD0289D0D4}.Debug|Any CPU.Build.0 = Debug|Any CPU
		{C0F7FEA5-FD51-42FE-8396-78BD0289D0D4}.Release|Any CPU.ActiveCfg = Release|Any CPU
		{C0F7FEA5-FD51-42FE-8396-78BD0289D0D4}.Release|Any CPU.Build.0 = Release|Any CPU
	EndGlobalSection
	GlobalSection(NestedProjects) = preSolution
		{947D5AAA-BD3D-4A0D-8362-0B1376E6A546} = {7B1235EB-727E-452E-9E07-9CDA519A62C2}
		{5E1A2DCE-6D76-4818-A0E6-1DD33BA728A2} = {947D5AAA-BD3D-4A0D-8362-0B1376E6A546}
		{785A17CE-DE9F-48AC-BDE9-1DE167581BF2} = {947D5AAA-BD3D-4A0D-8362-0B1376E6A546}
		{194CDD18-FC37-4925-A99B-ECC3565722A7} = {947D5AAA-BD3D-4A0D-8362-0B1376E6A546}
		{09CCCBD6-7CF5-4C77-B0EF-DA7A0667211F} = {947D5AAA-BD3D-4A0D-8362-0B1376E6A546}
		{4D8E3F99-4C27-476A-BF77-898200EA5AA0} = {947D5AAA-BD3D-4A0D-8362-0B1376E6A546}
		{BB2D6D97-E959-4FA5-84AE-7D81AC614634} = {7B1235EB-727E-452E-9E07-9CDA519A62C2}
		{56123BC2-13F3-41F8-92E3-4B3ECD7D582D} = {BB2D6D97-E959-4FA5-84AE-7D81AC614634}
		{1FF1B970-C7B3-401C-9D49-9EF67E49BE09} = {BB2D6D97-E959-4FA5-84AE-7D81AC614634}
		{0E081EEE-D4E4-41F5-9172-B56730734EE5} = {BB2D6D97-E959-4FA5-84AE-7D81AC614634}
		{88E8A656-F8BB-444B-A038-9649DDCB1F94} = {BB2D6D97-E959-4FA5-84AE-7D81AC614634}
		{C0F7FEA5-FD51-42FE-8396-78BD0289D0D4} = {BB2D6D97-E959-4FA5-84AE-7D81AC614634}
	EndGlobalSection
EndGlobal
